hash: be65a71b8a573cb4be511936365adf5dde3dcfefd6ebcc571a1f41c3a60d9f24
updated: 2017-12-04T23:59:01.443296-08:00
imports:
- name: github.com/apache/thrift
  version: b2a4d4ae21c789b689dd162deb819665567f481c
  subpackages:
  - lib/go/thrift
- name: github.com/codahale/hdrhistogram
  version: f8ad88b59a584afeee9d334eff879b104439117b
- name: github.com/golang/protobuf
  version: 7cc19b78d562895b13596ddce7aafb59dd789318
  subpackages:
  - proto
  - protoc-gen-go/descriptor
  - ptypes
  - ptypes/any
  - ptypes/duration
  - ptypes/timestamp
- name: github.com/lightstep/lightstep-tracer-go
  version: ba38bae1f0ec1ece9092d35bbecbb497ee344cbc
  subpackages:
  - collectorpb
  - lightstep_thrift
  - lightsteppb
  - thrift_0_9_2/lib/go/thrift
- name: github.com/opentracing/opentracing-go
  version: 1949ddbfd147afd4d964a9f00b24eb291e0e7c38
  subpackages:
  - ext
  - log
- name: github.com/uber/jaeger-client-go
  version: ff3efa227b65e419701a4f48985379ca106a89e7
  subpackages:
  - config
  - internal/baggage
  - internal/baggage/remote
  - internal/spanlog
  - log
  - rpcmetrics
  - thrift-gen/agent
  - thrift-gen/baggage
  - thrift-gen/jaeger
  - thrift-gen/sampling
  - thrift-gen/zipkincore
  - utils
- name: github.com/uber/jaeger-lib
  version: c48167d9cae5887393dd5e61efd06a4a48b7fbb3
  subpackages:
  - metrics
- name: golang.org/x/net
  version: a337091b0525af65de94df2eb7e98bd9962dcbe2
  subpackages:
  - context
  - http2
  - http2/hpack
  - idna
  - internal/timeseries
  - lex/httplex
  - trace
- name: golang.org/x/text
  version: 57961680700a5336d15015c8c50686ca5ba362a4
  subpackages:
  - secure/bidirule
  - transform
  - unicode/bidi
  - unicode/norm
- name: google.golang.org/genproto
  version: 7f0da29060c682909f650ad8ed4e515bd74fa12a
  subpackages:
  - googleapis/api/annotations
  - googleapis/rpc/status
- name: google.golang.org/grpc
  version: be077907e29fdb945d351e4284eb5361e7f8924e
  subpackages:
  - balancer
  - balancer/roundrobin
  - codes
  - connectivity
  - credentials
  - encoding
  - grpclb/grpc_lb_v1/messages
  - grpclog
  - internal
  - keepalive
  - metadata
  - naming
  - peer
  - resolver
  - resolver/dns
  - resolver/manual
  - resolver/passthrough
  - stats
  - status
  - tap
  - transport
testImports: []
